
Microsoft Visual Studio Solution File, Format Version 12.00
# Visual Studio Version 17
VisualStudioVersion = 17.2.32630.192
MinimumVisualStudioVersion = 10.0.40219.1
Project("{FAE04EC0-301F-11D3-BF4B-00C04F79EFBC}") = "Zero to One Hundred", "Zero to One Hundred\Zero to One Hundred.csproj", "{23804D8F-88DF-4E47-9988-51C48F42B522}"
EndProject
Global
	GlobalSection(SolutionConfigurationPlatforms) = preSolution
		Debug|Any CPU = Debug|Any CPU
		Release|Any CPU = Release|Any CPU
	EndGlobalSection
	GlobalSection(ProjectConfigurationPlatforms) = postSolution
		{23804D8F-88DF-4E47-9988-51C48F42B522}.Debug|Any CPU.ActiveCfg = Debug|Any CPU
		{23804D8F-88DF-4E47-9988-51C48F42B522}.Debug|Any CPU.Build.0 = Debug|Any CPU
		{23804D8F-88DF-4E47-9988-51C48F42B522}.Release|Any CPU.ActiveCfg = Release|Any CPU
		{23804D8F-88DF-4E47-9988-51C48F42B522}.Release|Any CPU.Build.0 = Release|Any CPU
	EndGlobalSection
	GlobalSection(SolutionProperties) = preSolution
		HideSolutionNode = FALSE
	EndGlobalSection
	GlobalSection(ExtensibilityGlobals) = postSolution
		SolutionGuid = {3B1A6DD1-61FD-4B81-AC04-80357A98F344}
	EndGlobalSection
EndGlobal
