
Microsoft Visual Studio Solution File, Format Version 12.00
# Visual Studio Version 17
VisualStudioVersion = 17.2.32630.192
MinimumVisualStudioVersion = 10.0.40219.1
Project("{FAE04EC0-301F-11D3-BF4B-00C04F79EFBC}") = "55 stars", "55 stars\55 stars.csproj", "{98A93A62-DDFC-490A-8524-F437EC96DC38}"
EndProject
Global
	GlobalSection(SolutionConfigurationPlatforms) = preSolution
		Debug|Any CPU = Debug|Any CPU
		Release|Any CPU = Release|Any CPU
	EndGlobalSection
	GlobalSection(ProjectConfigurationPlatforms) = postSolution
		{98A93A62-DDFC-490A-8524-F437EC96DC38}.Debug|Any CPU.ActiveCfg = Debug|Any CPU
		{98A93A62-DDFC-490A-8524-F437EC96DC38}.Debug|Any CPU.Build.0 = Debug|Any CPU
		{98A93A62-DDFC-490A-8524-F437EC96DC38}.Release|Any CPU.ActiveCfg = Release|Any CPU
		{98A93A62-DDFC-490A-8524-F437EC96DC38}.Release|Any CPU.Build.0 = Release|Any CPU
	EndGlobalSection
	GlobalSection(SolutionProperties) = preSolution
		HideSolutionNode = FALSE
	EndGlobalSection
	GlobalSection(ExtensibilityGlobals) = postSolution
		SolutionGuid = {224E2991-253E-4FAE-95EA-24BF11A728C5}
	EndGlobalSection
EndGlobal
