
Microsoft Visual Studio Solution File, Format Version 12.00
# Visual Studio Version 17
VisualStudioVersion = 17.2.32630.192
MinimumVisualStudioVersion = 10.0.40219.1
Project("{9A19103F-16F7-4668-BE54-9A1E7A4F7556}") = "Forum API", "Forum API\Forum API.csproj", "{1F84518A-AEF1-4398-AD62-01B32232D65C}"
EndProject
Global
	GlobalSection(SolutionConfigurationPlatforms) = preSolution
		Debug|Any CPU = Debug|Any CPU
		Release|Any CPU = Release|Any CPU
	EndGlobalSection
	GlobalSection(ProjectConfigurationPlatforms) = postSolution
		{1F84518A-AEF1-4398-AD62-01B32232D65C}.Debug|Any CPU.ActiveCfg = Debug|Any CPU
		{1F84518A-AEF1-4398-AD62-01B32232D65C}.Debug|Any CPU.Build.0 = Debug|Any CPU
		{1F84518A-AEF1-4398-AD62-01B32232D65C}.Release|Any CPU.ActiveCfg = Release|Any CPU
		{1F84518A-AEF1-4398-AD62-01B32232D65C}.Release|Any CPU.Build.0 = Release|Any CPU
	EndGlobalSection
	GlobalSection(SolutionProperties) = preSolution
		HideSolutionNode = FALSE
	EndGlobalSection
	GlobalSection(ExtensibilityGlobals) = postSolution
		SolutionGuid = {275F0672-E6C1-4F77-B2B4-233D9E9771DF}
	EndGlobalSection
EndGlobal
