
Microsoft Visual Studio Solution File, Format Version 12.00
# Visual Studio Version 17
VisualStudioVersion = 17.2.32630.192
MinimumVisualStudioVersion = 10.0.40219.1
Project("{FAE04EC0-301F-11D3-BF4B-00C04F79EFBC}") = "Matrix Refactored", "Matrix Refactored\Matrix Refactored.csproj", "{25A24273-C594-4F8B-81E6-10CB79DBA32F}"
EndProject
Project("{FAE04EC0-301F-11D3-BF4B-00C04F79EFBC}") = "Matrix Functions Tests", "Matrix Functions Tests\Matrix Functions Tests.csproj", "{C8088A8D-0A34-4350-BD98-3A50283F9526}"
EndProject
Global
	GlobalSection(SolutionConfigurationPlatforms) = preSolution
		Debug|Any CPU = Debug|Any CPU
		Release|Any CPU = Release|Any CPU
	EndGlobalSection
	GlobalSection(ProjectConfigurationPlatforms) = postSolution
		{25A24273-C594-4F8B-81E6-10CB79DBA32F}.Debug|Any CPU.ActiveCfg = Debug|Any CPU
		{25A24273-C594-4F8B-81E6-10CB79DBA32F}.Debug|Any CPU.Build.0 = Debug|Any CPU
		{25A24273-C594-4F8B-81E6-10CB79DBA32F}.Release|Any CPU.ActiveCfg = Release|Any CPU
		{25A24273-C594-4F8B-81E6-10CB79DBA32F}.Release|Any CPU.Build.0 = Release|Any CPU
		{C8088A8D-0A34-4350-BD98-3A50283F9526}.Debug|Any CPU.ActiveCfg = Debug|Any CPU
		{C8088A8D-0A34-4350-BD98-3A50283F9526}.Debug|Any CPU.Build.0 = Debug|Any CPU
		{C8088A8D-0A34-4350-BD98-3A50283F9526}.Release|Any CPU.ActiveCfg = Release|Any CPU
		{C8088A8D-0A34-4350-BD98-3A50283F9526}.Release|Any CPU.Build.0 = Release|Any CPU
	EndGlobalSection
	GlobalSection(SolutionProperties) = preSolution
		HideSolutionNode = FALSE
	EndGlobalSection
	GlobalSection(ExtensibilityGlobals) = postSolution
		SolutionGuid = {8CD72978-AC0D-41EC-8DBF-23EDE6E1BEA1}
	EndGlobalSection
EndGlobal
